{
    "_readme": [
        "This file locks the dependencies of your project to a known state",
        "Read more about it at https://getcomposer.org/doc/01-basic-usage.md#installing-dependencies",
        "This file is @generated automatically"
    ],
    "content-hash": "c714de5ca2952eee91b63266fc685343",
    "packages": [
        {
            "name": "adci/full-name-parser",
            "version": "dev-master",
            "source": {
                "type": "git",
                "url": "https://github.com/ADCI/full-name-parser.git",
                "reference": "b2c47aa70bec6feab2566325e0493ccd1dbd70fa"
            },
            "dist": {
                "type": "zip",
                "url": "https://api.github.com/repos/ADCI/full-name-parser/zipball/b2c47aa70bec6feab2566325e0493ccd1dbd70fa",
                "reference": "b2c47aa70bec6feab2566325e0493ccd1dbd70fa",
                "shasum": ""
            },
            "require": {
                "ext-mbstring": "*",
                "php": ">=7.3"
            },
            "require-dev": {
                "phpunit/phpunit": ">=4.8.28 <5"
            },
            "default-branch": true,
            "type": "library",
            "autoload": {
                "psr-4": {
                    "ADCI\\FullNameParser\\": "src/"
                }
            },
            "notification-url": "https://packagist.org/downloads/",
            "license": [
                "MIT"
            ],
            "authors": [
                {
                    "name": "ADCI Solutions",
                    "homepage": "https://www.adcisolutions.com"
                }
            ],
            "description": "Parses a human name",
            "keywords": [
                "full name",
                "name",
                "parse",
                "parser",
                "php"
            ],
            "support": {
                "issues": "https://github.com/adci/full-name-parser/issues",
                "source": "https://github.com/adci/full-name-parser"
            },
            "time": "2021-03-05T08:13:41+00:00"
        }
    ],
    "packages-dev": [],
    "aliases": [],
    "minimum-stability": "dev",
    "stability-flags": {
        "adci/full-name-parser": 20
    },
    "prefer-stable": false,
    "prefer-lowest": false,
    "platform": [],
    "platform-dev": [],
    "plugin-api-version": "2.0.0"
}
